
Microsoft Visual Studio Solution File, Format Version 12.00
# Visual Studio Version 17
VisualStudioVersion = 17.12.35527.113
MinimumVisualStudioVersion = 10.0.40219.1
Project("{FAE04EC0-301F-11D3-BF4B-00C04F79EFBC}") = "ProductsCategoriesAPI", "ProductsCategoriesAPI\ProductsCategoriesAPI.csproj", "{D9764361-D124-428C-A51A-88C66E95F72B}"
EndProject
Project("{FAE04EC0-301F-11D3-BF4B-00C04F79EFBC}") = "ProductsCategoryService", "ProductsCategoryService\ProductsCategoryService.csproj", "{4AEDF451-F8B9-487F-B6B2-6BF90C686F48}"
EndProject
Project("{FAE04EC0-301F-11D3-BF4B-00C04F79EFBC}") = "ProductsCategoryAccess", "ProductsCategoryAccess\ProductsCategoryAccess.csproj", "{F580DA15-24B2-47B1-ABED-070CD51615FC}"
EndProject
Global
	GlobalSection(SolutionConfigurationPlatforms) = preSolution
		Debug|Any CPU = Debug|Any CPU
		Release|Any CPU = Release|Any CPU
	EndGlobalSection
	GlobalSection(ProjectConfigurationPlatforms) = postSolution
		{D9764361-D124-428C-A51A-88C66E95F72B}.Debug|Any CPU.ActiveCfg = Debug|Any CPU
		{D9764361-D124-428C-A51A-88C66E95F72B}.Debug|Any CPU.Build.0 = Debug|Any CPU
		{D9764361-D124-428C-A51A-88C66E95F72B}.Release|Any CPU.ActiveCfg = Release|Any CPU
		{D9764361-D124-428C-A51A-88C66E95F72B}.Release|Any CPU.Build.0 = Release|Any CPU
		{4AEDF451-F8B9-487F-B6B2-6BF90C686F48}.Debug|Any CPU.ActiveCfg = Debug|Any CPU
		{4AEDF451-F8B9-487F-B6B2-6BF90C686F48}.Debug|Any CPU.Build.0 = Debug|Any CPU
		{4AEDF451-F8B9-487F-B6B2-6BF90C686F48}.Release|Any CPU.ActiveCfg = Release|Any CPU
		{4AEDF451-F8B9-487F-B6B2-6BF90C686F48}.Release|Any CPU.Build.0 = Release|Any CPU
		{F580DA15-24B2-47B1-ABED-070CD51615FC}.Debug|Any CPU.ActiveCfg = Debug|Any CPU
		{F580DA15-24B2-47B1-ABED-070CD51615FC}.Debug|Any CPU.Build.0 = Debug|Any CPU
		{F580DA15-24B2-47B1-ABED-070CD51615FC}.Release|Any CPU.ActiveCfg = Release|Any CPU
		{F580DA15-24B2-47B1-ABED-070CD51615FC}.Release|Any CPU.Build.0 = Release|Any CPU
	EndGlobalSection
	GlobalSection(SolutionProperties) = preSolution
		HideSolutionNode = FALSE
	EndGlobalSection
EndGlobal
